hash: 893e498b7d409433f00529cd88dd865091b27d88c6a237015e409dc1cd535f03
updated: 2018-03-29T21:37:07.925745+05:30
imports:
- name: github.com/gorilla/mux
  version: 53c1911da2b537f792e7cafcb446b05ffe33b996
- name: github.com/sirupsen/logrus
  version: c155da19408a8799da419ed3eeb0cb5db0ad5dbc
- name: github.com/stretchr/testify
  version: 12b6f73e6084dad08a7c6e575284b177ecafbc71
  subpackages:
  - assert
  - mock
testImports:
- name: github.com/davecgh/go-spew
  version: 8991bc29aa16c548c550c7ff78260e27b9ab7c73
  subpackages:
  - spew
- name: github.com/pmezard/go-difflib
  version: 792786c7400a136282c1664665ae0a8db921c6c2
  subpackages:
  - difflib
